
Microsoft Visual Studio Solution File, Format Version 12.00
# Visual Studio Version 17
VisualStudioVersion = 17.11.35303.130
MinimumVisualStudioVersion = 10.0.40219.1
Project("{FAE04EC0-301F-11D3-BF4B-00C04F79EFBC}") = "DokuStat", "DokuStat.csproj", "{05922652-4C1B-4D17-8018-A4C9C0333E3C}"
EndProject
Project("{FAE04EC0-301F-11D3-BF4B-00C04F79EFBC}") = "DokuStat.Model", "..\Model\DokuStat.Model.csproj", "{46599A04-A334-43BF-877C-241E1E962960}"
EndProject
Global
	GlobalSection(SolutionConfigurationPlatforms) = preSolution
		Debug|Any CPU = Debug|Any CPU
		Release|Any CPU = Release|Any CPU
	EndGlobalSection
	GlobalSection(ProjectConfigurationPlatforms) = postSolution
		{05922652-4C1B-4D17-8018-A4C9C0333E3C}.Debug|Any CPU.ActiveCfg = Debug|Any CPU
		{05922652-4C1B-4D17-8018-A4C9C0333E3C}.Debug|Any CPU.Build.0 = Debug|Any CPU
		{05922652-4C1B-4D17-8018-A4C9C0333E3C}.Release|Any CPU.ActiveCfg = Release|Any CPU
		{05922652-4C1B-4D17-8018-A4C9C0333E3C}.Release|Any CPU.Build.0 = Release|Any CPU
		{46599A04-A334-43BF-877C-241E1E962960}.Debug|Any CPU.ActiveCfg = Debug|Any CPU
		{46599A04-A334-43BF-877C-241E1E962960}.Debug|Any CPU.Build.0 = Debug|Any CPU
		{46599A04-A334-43BF-877C-241E1E962960}.Release|Any CPU.ActiveCfg = Release|Any CPU
		{46599A04-A334-43BF-877C-241E1E962960}.Release|Any CPU.Build.0 = Release|Any CPU
	EndGlobalSection
	GlobalSection(SolutionProperties) = preSolution
		HideSolutionNode = FALSE
	EndGlobalSection
	GlobalSection(ExtensibilityGlobals) = postSolution
		SolutionGuid = {1BA3560F-0FA4-438D-8951-33F5EA78F2DC}
	EndGlobalSection
EndGlobal
