
Microsoft Visual Studio Solution File, Format Version 12.00
# Visual Studio Version 17
VisualStudioVersion = 17.11.35327.3
MinimumVisualStudioVersion = 10.0.40219.1
Project("{9A19103F-16F7-4668-BE54-9A1E7A4F7556}") = "LaserPigsGame.WPF", "LaserPigsGame.WPF\LaserPigsGame.WPF.csproj", "{4C27A8DE-EF91-47B5-955C-01A678AAB05F}"
EndProject
Project("{9A19103F-16F7-4668-BE54-9A1E7A4F7556}") = "LaserPigs", "LaserPigs\LaserPigs.csproj", "{63DBB1D1-4426-4A90-AF49-6E45DA000396}"
EndProject
Project("{9A19103F-16F7-4668-BE54-9A1E7A4F7556}") = "LaserPigs.Test", "LaserPigs.Test\LaserPigs.Test.csproj", "{5BA86AD4-4E03-4A10-B2B2-9E4360F72CED}"
EndProject
Global
	GlobalSection(SolutionConfigurationPlatforms) = preSolution
		Debug|Any CPU = Debug|Any CPU
		Release|Any CPU = Release|Any CPU
	EndGlobalSection
	GlobalSection(ProjectConfigurationPlatforms) = postSolution
		{4C27A8DE-EF91-47B5-955C-01A678AAB05F}.Debug|Any CPU.ActiveCfg = Debug|Any CPU
		{4C27A8DE-EF91-47B5-955C-01A678AAB05F}.Debug|Any CPU.Build.0 = Debug|Any CPU
		{4C27A8DE-EF91-47B5-955C-01A678AAB05F}.Release|Any CPU.ActiveCfg = Release|Any CPU
		{4C27A8DE-EF91-47B5-955C-01A678AAB05F}.Release|Any CPU.Build.0 = Release|Any CPU
		{63DBB1D1-4426-4A90-AF49-6E45DA000396}.Debug|Any CPU.ActiveCfg = Debug|Any CPU
		{63DBB1D1-4426-4A90-AF49-6E45DA000396}.Debug|Any CPU.Build.0 = Debug|Any CPU
		{63DBB1D1-4426-4A90-AF49-6E45DA000396}.Release|Any CPU.ActiveCfg = Release|Any CPU
		{63DBB1D1-4426-4A90-AF49-6E45DA000396}.Release|Any CPU.Build.0 = Release|Any CPU
		{5BA86AD4-4E03-4A10-B2B2-9E4360F72CED}.Debug|Any CPU.ActiveCfg = Debug|Any CPU
		{5BA86AD4-4E03-4A10-B2B2-9E4360F72CED}.Debug|Any CPU.Build.0 = Debug|Any CPU
		{5BA86AD4-4E03-4A10-B2B2-9E4360F72CED}.Release|Any CPU.ActiveCfg = Release|Any CPU
		{5BA86AD4-4E03-4A10-B2B2-9E4360F72CED}.Release|Any CPU.Build.0 = Release|Any CPU
	EndGlobalSection
	GlobalSection(SolutionProperties) = preSolution
		HideSolutionNode = FALSE
	EndGlobalSection
	GlobalSection(ExtensibilityGlobals) = postSolution
		SolutionGuid = {C83DBD38-DA53-4386-9A94-F459823D95ED}
	EndGlobalSection
EndGlobal
