
Microsoft Visual Studio Solution File, Format Version 12.00
# Visual Studio Version 17
VisualStudioVersion = 17.7.34202.233
MinimumVisualStudioVersion = 10.0.40219.1
Project("{FAE04EC0-301F-11D3-BF4B-00C04F79EFBC}") = "spiralFuzet", "spiralFuzet.csproj", "{87D69B8F-8884-4D92-A184-0FD9B5DF5AAB}"
EndProject
Global
	GlobalSection(SolutionConfigurationPlatforms) = preSolution
		Debug|Any CPU = Debug|Any CPU
		Release|Any CPU = Release|Any CPU
	EndGlobalSection
	GlobalSection(ProjectConfigurationPlatforms) = postSolution
		{87D69B8F-8884-4D92-A184-0FD9B5DF5AAB}.Debug|Any CPU.ActiveCfg = Debug|Any CPU
		{87D69B8F-8884-4D92-A184-0FD9B5DF5AAB}.Debug|Any CPU.Build.0 = Debug|Any CPU
		{87D69B8F-8884-4D92-A184-0FD9B5DF5AAB}.Release|Any CPU.ActiveCfg = Release|Any CPU
		{87D69B8F-8884-4D92-A184-0FD9B5DF5AAB}.Release|Any CPU.Build.0 = Release|Any CPU
	EndGlobalSection
	GlobalSection(SolutionProperties) = preSolution
		HideSolutionNode = FALSE
	EndGlobalSection
	GlobalSection(ExtensibilityGlobals) = postSolution
		SolutionGuid = {15A7B125-48AB-4439-8815-16331AC534C3}
	EndGlobalSection
EndGlobal
