
Microsoft Visual Studio Solution File, Format Version 12.00
# Visual Studio Version 17
VisualStudioVersion = 17.12.35527.113 d17.12
MinimumVisualStudioVersion = 10.0.40219.1
Project("{FAE04EC0-301F-11D3-BF4B-00C04F79EFBC}") = "VizsgaGyakAvalonia", "VizsgaGyakAvalonia\VizsgaGyakAvalonia.csproj", "{DE551F1D-3CC9-4188-A16A-7036036E9B0E}"
EndProject
Project("{FAE04EC0-301F-11D3-BF4B-00C04F79EFBC}") = "VizsgaGyakAvalonia.Desktop", "VizsgaGyakAvalonia.Desktop\VizsgaGyakAvalonia.Desktop.csproj", "{04A949C3-0659-4BEA-A195-2F5535B27E80}"
EndProject
Global
	GlobalSection(SolutionConfigurationPlatforms) = preSolution
		Debug|Any CPU = Debug|Any CPU
		Release|Any CPU = Release|Any CPU
	EndGlobalSection
	GlobalSection(ProjectConfigurationPlatforms) = postSolution
		{DE551F1D-3CC9-4188-A16A-7036036E9B0E}.Debug|Any CPU.ActiveCfg = Debug|Any CPU
		{DE551F1D-3CC9-4188-A16A-7036036E9B0E}.Debug|Any CPU.Build.0 = Debug|Any CPU
		{DE551F1D-3CC9-4188-A16A-7036036E9B0E}.Release|Any CPU.ActiveCfg = Release|Any CPU
		{DE551F1D-3CC9-4188-A16A-7036036E9B0E}.Release|Any CPU.Build.0 = Release|Any CPU
		{04A949C3-0659-4BEA-A195-2F5535B27E80}.Debug|Any CPU.ActiveCfg = Debug|Any CPU
		{04A949C3-0659-4BEA-A195-2F5535B27E80}.Debug|Any CPU.Build.0 = Debug|Any CPU
		{04A949C3-0659-4BEA-A195-2F5535B27E80}.Release|Any CPU.ActiveCfg = Release|Any CPU
		{04A949C3-0659-4BEA-A195-2F5535B27E80}.Release|Any CPU.Build.0 = Release|Any CPU
	EndGlobalSection
	GlobalSection(SolutionProperties) = preSolution
		HideSolutionNode = FALSE
	EndGlobalSection
EndGlobal
