
Microsoft Visual Studio Solution File, Format Version 12.00
# Visual Studio Version 17
VisualStudioVersion = 17.7.34202.233
MinimumVisualStudioVersion = 10.0.40219.1
Project("{FAE04EC0-301F-11D3-BF4B-00C04F79EFBC}") = "HfPark", "HfPark.csproj", "{7DEF6710-D05E-4749-90EF-31F79E161B93}"
EndProject
Global
	GlobalSection(SolutionConfigurationPlatforms) = preSolution
		Debug|Any CPU = Debug|Any CPU
		Release|Any CPU = Release|Any CPU
	EndGlobalSection
	GlobalSection(ProjectConfigurationPlatforms) = postSolution
		{7DEF6710-D05E-4749-90EF-31F79E161B93}.Debug|Any CPU.ActiveCfg = Debug|Any CPU
		{7DEF6710-D05E-4749-90EF-31F79E161B93}.Debug|Any CPU.Build.0 = Debug|Any CPU
		{7DEF6710-D05E-4749-90EF-31F79E161B93}.Release|Any CPU.ActiveCfg = Release|Any CPU
		{7DEF6710-D05E-4749-90EF-31F79E161B93}.Release|Any CPU.Build.0 = Release|Any CPU
	EndGlobalSection
	GlobalSection(SolutionProperties) = preSolution
		HideSolutionNode = FALSE
	EndGlobalSection
	GlobalSection(ExtensibilityGlobals) = postSolution
		SolutionGuid = {AFD9FAAC-45AD-4882-8726-DAD079D61A42}
	EndGlobalSection
EndGlobal
