
Microsoft Visual Studio Solution File, Format Version 12.00
# Visual Studio Version 17
VisualStudioVersion = 17.11.35303.130
MinimumVisualStudioVersion = 10.0.40219.1
Project("{9A19103F-16F7-4668-BE54-9A1E7A4F7556}") = "Snake.WinForms", "Snake.WinForms.csproj", "{2160EF76-D334-48CA-916A-F9F8A680654F}"
EndProject
Project("{9A19103F-16F7-4668-BE54-9A1E7A4F7556}") = "Snake", "..\Snake\Snake.csproj", "{D87237D0-4A42-4EA2-A12B-D98B8E214D49}"
EndProject
Project("{FAE04EC0-301F-11D3-BF4B-00C04F79EFBC}") = "Snake.Test", "..\Snake.Test\Snake.Test.csproj", "{DB66DA8C-0574-4141-9384-DC32386F2375}"
EndProject
Global
	GlobalSection(SolutionConfigurationPlatforms) = preSolution
		Debug|Any CPU = Debug|Any CPU
		Release|Any CPU = Release|Any CPU
	EndGlobalSection
	GlobalSection(ProjectConfigurationPlatforms) = postSolution
		{2160EF76-D334-48CA-916A-F9F8A680654F}.Debug|Any CPU.ActiveCfg = Debug|Any CPU
		{2160EF76-D334-48CA-916A-F9F8A680654F}.Debug|Any CPU.Build.0 = Debug|Any CPU
		{2160EF76-D334-48CA-916A-F9F8A680654F}.Release|Any CPU.ActiveCfg = Release|Any CPU
		{2160EF76-D334-48CA-916A-F9F8A680654F}.Release|Any CPU.Build.0 = Release|Any CPU
		{D87237D0-4A42-4EA2-A12B-D98B8E214D49}.Debug|Any CPU.ActiveCfg = Debug|Any CPU
		{D87237D0-4A42-4EA2-A12B-D98B8E214D49}.Debug|Any CPU.Build.0 = Debug|Any CPU
		{D87237D0-4A42-4EA2-A12B-D98B8E214D49}.Release|Any CPU.ActiveCfg = Release|Any CPU
		{D87237D0-4A42-4EA2-A12B-D98B8E214D49}.Release|Any CPU.Build.0 = Release|Any CPU
		{DB66DA8C-0574-4141-9384-DC32386F2375}.Debug|Any CPU.ActiveCfg = Debug|Any CPU
		{DB66DA8C-0574-4141-9384-DC32386F2375}.Debug|Any CPU.Build.0 = Debug|Any CPU
		{DB66DA8C-0574-4141-9384-DC32386F2375}.Release|Any CPU.ActiveCfg = Release|Any CPU
		{DB66DA8C-0574-4141-9384-DC32386F2375}.Release|Any CPU.Build.0 = Release|Any CPU
	EndGlobalSection
	GlobalSection(SolutionProperties) = preSolution
		HideSolutionNode = FALSE
	EndGlobalSection
	GlobalSection(ExtensibilityGlobals) = postSolution
		SolutionGuid = {DBFC200F-A542-4AC6-8D14-6317F3910784}
	EndGlobalSection
EndGlobal
