
Microsoft Visual Studio Solution File, Format Version 12.00
# Visual Studio Version 17
VisualStudioVersion = 17.7.34024.191
MinimumVisualStudioVersion = 10.0.40219.1
Project("{FAE04EC0-301F-11D3-BF4B-00C04F79EFBC}") = "vakacio", "vakacio.csproj", "{60C83557-E662-4F4B-AA45-EA91BFA53410}"
EndProject
Global
	GlobalSection(SolutionConfigurationPlatforms) = preSolution
		Debug|Any CPU = Debug|Any CPU
		Release|Any CPU = Release|Any CPU
	EndGlobalSection
	GlobalSection(ProjectConfigurationPlatforms) = postSolution
		{60C83557-E662-4F4B-AA45-EA91BFA53410}.Debug|Any CPU.ActiveCfg = Debug|Any CPU
		{60C83557-E662-4F4B-AA45-EA91BFA53410}.Debug|Any CPU.Build.0 = Debug|Any CPU
		{60C83557-E662-4F4B-AA45-EA91BFA53410}.Release|Any CPU.ActiveCfg = Release|Any CPU
		{60C83557-E662-4F4B-AA45-EA91BFA53410}.Release|Any CPU.Build.0 = Release|Any CPU
	EndGlobalSection
	GlobalSection(SolutionProperties) = preSolution
		HideSolutionNode = FALSE
	EndGlobalSection
	GlobalSection(ExtensibilityGlobals) = postSolution
		SolutionGuid = {1D109C1F-0280-4D38-B024-C7865C280F41}
	EndGlobalSection
EndGlobal
